
Microsoft Visual Studio Solution File, Format Version 12.00
# Visual Studio 15
VisualStudioVersion = 15.0.27004.2010
MinimumVisualStudioVersion = 10.0.40219.1
Project("{FAE04EC0-301F-11D3-BF4B-00C04F79EFBC}") = "用户管理系统——MVC", "用户管理系统——MVC\用户管理系统——MVC.csproj", "{43090AC1-9996-49FB-AB87-06D9F5044CBB}"
EndProject
Global
	GlobalSection(SolutionConfigurationPlatforms) = preSolution
		Debug|Any CPU = Debug|Any CPU
		Release|Any CPU = Release|Any CPU
	EndGlobalSection
	GlobalSection(ProjectConfigurationPlatforms) = postSolution
		{43090AC1-9996-49FB-AB87-06D9F5044CBB}.Debug|Any CPU.ActiveCfg = Debug|Any CPU
		{43090AC1-9996-49FB-AB87-06D9F5044CBB}.Debug|Any CPU.Build.0 = Debug|Any CPU
		{43090AC1-9996-49FB-AB87-06D9F5044CBB}.Release|Any CPU.ActiveCfg = Release|Any CPU
		{43090AC1-9996-49FB-AB87-06D9F5044CBB}.Release|Any CPU.Build.0 = Release|Any CPU
	EndGlobalSection
	GlobalSection(SolutionProperties) = preSolution
		HideSolutionNode = FALSE
	EndGlobalSection
	GlobalSection(ExtensibilityGlobals) = postSolution
		SolutionGuid = {7488F914-8FC5-49B9-B99D-E19E71689A42}
	EndGlobalSection
EndGlobal
