
Microsoft Visual Studio Solution File, Format Version 12.00
# Visual Studio 15
VisualStudioVersion = 15.0.27004.2010
MinimumVisualStudioVersion = 10.0.40219.1
Project("{FAE04EC0-301F-11D3-BF4B-00C04F79EFBC}") = "Dictionary泛型类型", "Dictionary泛型类型\Dictionary泛型类型.csproj", "{1FB515AE-6E61-45B5-955A-C0883CC4EA8C}"
EndProject
Global
	GlobalSection(SolutionConfigurationPlatforms) = preSolution
		Debug|Any CPU = Debug|Any CPU
		Release|Any CPU = Release|Any CPU
	EndGlobalSection
	GlobalSection(ProjectConfigurationPlatforms) = postSolution
		{1FB515AE-6E61-45B5-955A-C0883CC4EA8C}.Debug|Any CPU.ActiveCfg = Debug|Any CPU
		{1FB515AE-6E61-45B5-955A-C0883CC4EA8C}.Debug|Any CPU.Build.0 = Debug|Any CPU
		{1FB515AE-6E61-45B5-955A-C0883CC4EA8C}.Release|Any CPU.ActiveCfg = Release|Any CPU
		{1FB515AE-6E61-45B5-955A-C0883CC4EA8C}.Release|Any CPU.Build.0 = Release|Any CPU
	EndGlobalSection
	GlobalSection(SolutionProperties) = preSolution
		HideSolutionNode = FALSE
	EndGlobalSection
	GlobalSection(ExtensibilityGlobals) = postSolution
		SolutionGuid = {EAA785E1-2A2F-4129-9E4C-7E26FC579025}
	EndGlobalSection
EndGlobal
