
Microsoft Visual Studio Solution File, Format Version 12.00
# Visual Studio 15
VisualStudioVersion = 15.0.27004.2010
MinimumVisualStudioVersion = 10.0.40219.1
Project("{FAE04EC0-301F-11D3-BF4B-00C04F79EFBC}") = "处理字符串", "处理字符串\处理字符串.csproj", "{380CA6E5-3BD7-4424-A8BD-57A4DCB42541}"
EndProject
Global
	GlobalSection(SolutionConfigurationPlatforms) = preSolution
		Debug|Any CPU = Debug|Any CPU
		Release|Any CPU = Release|Any CPU
	EndGlobalSection
	GlobalSection(ProjectConfigurationPlatforms) = postSolution
		{380CA6E5-3BD7-4424-A8BD-57A4DCB42541}.Debug|Any CPU.ActiveCfg = Debug|Any CPU
		{380CA6E5-3BD7-4424-A8BD-57A4DCB42541}.Debug|Any CPU.Build.0 = Debug|Any CPU
		{380CA6E5-3BD7-4424-A8BD-57A4DCB42541}.Release|Any CPU.ActiveCfg = Release|Any CPU
		{380CA6E5-3BD7-4424-A8BD-57A4DCB42541}.Release|Any CPU.Build.0 = Release|Any CPU
	EndGlobalSection
	GlobalSection(SolutionProperties) = preSolution
		HideSolutionNode = FALSE
	EndGlobalSection
	GlobalSection(ExtensibilityGlobals) = postSolution
		SolutionGuid = {77F786A9-F534-4124-B4DE-C3D0849731E1}
	EndGlobalSection
EndGlobal
