
Microsoft Visual Studio Solution File, Format Version 12.00
# Visual Studio 15
VisualStudioVersion = 15.0.27004.2010
MinimumVisualStudioVersion = 10.0.40219.1
Project("{FAE04EC0-301F-11D3-BF4B-00C04F79EFBC}") = "@的用法", "@的用法\@的用法.csproj", "{D7BA953A-5A42-42CF-8212-C328285AD142}"
EndProject
Global
	GlobalSection(SolutionConfigurationPlatforms) = preSolution
		Debug|Any CPU = Debug|Any CPU
		Release|Any CPU = Release|Any CPU
	EndGlobalSection
	GlobalSection(ProjectConfigurationPlatforms) = postSolution
		{D7BA953A-5A42-42CF-8212-C328285AD142}.Debug|Any CPU.ActiveCfg = Debug|Any CPU
		{D7BA953A-5A42-42CF-8212-C328285AD142}.Debug|Any CPU.Build.0 = Debug|Any CPU
		{D7BA953A-5A42-42CF-8212-C328285AD142}.Release|Any CPU.ActiveCfg = Release|Any CPU
		{D7BA953A-5A42-42CF-8212-C328285AD142}.Release|Any CPU.Build.0 = Release|Any CPU
	EndGlobalSection
	GlobalSection(SolutionProperties) = preSolution
		HideSolutionNode = FALSE
	EndGlobalSection
	GlobalSection(ExtensibilityGlobals) = postSolution
		SolutionGuid = {410354B8-3BF9-4AD1-952F-FD30455A15EA}
	EndGlobalSection
EndGlobal
